{
    "_meta": {
        "hash": {
            "sha256": "30fe79726fbc51df04f54613185be0816a44bd0c7f2577d4ff7e9b07221f5612"
        },
        "pipfile-spec": 6,
        "requires": {
            "python_version": "3.8"
        },
        "sources": [
            {
                "name": "pypi",
                "url": "https://pypi.org/simple",
                "verify_ssl": true
            }
        ]
    },
    "default": {
        "aniso8601": {
            "hashes": [
                "sha256:529dcb1f5f26ee0df6c0a1ee84b7b27197c3c50fc3a6321d66c544689237d072",
                "sha256:c033f63d028b9a58e3ab0c2c7d0532ab4bfa7452bfc788fbfe3ddabd327b181a"
            ],
            "version": "==8.0.0"
        },
        "attrs": {
            "hashes": [
                "sha256:0ef97238856430dcf9228e07f316aefc17e8939fc8507e18c6501b761ef1a42a",
                "sha256:2867b7b9f8326499ab5b0e2d12801fa5c98842d2cbd22b35112ae04bf85b4dff"
            ],
            "version": "==20.1.0"
        },
        "click": {
            "hashes": [
                "sha256:d2b5255c7c6349bc1bd1e59e08cd12acbbd63ce649f2588755783aa94dfb6b1a",
                "sha256:dacca89f4bfadd5de3d7489b7c8a566eee0d3676333fbb50030263894c38c0dc"
            ],
            "version": "==7.1.2"
        },
        "dependency-injector": {
            "hashes": [
                "sha256:03f49e5053456d5a25b8fdaae27c7ae0b8480efd5e1a751939b96fcb3d604739",
                "sha256:18565c8cb82814390fa80e8673fb267545e802a5290de397154ddb4354fd830f",
                "sha256:302837fbfd220f0eec07ba1b63ba86b6a8b0bf178950429ffc0a53a0c690befb",
                "sha256:31fbdd209476e990e24148d13b6da46cc4b03cb988caff684db97ac9463c4a83",
                "sha256:34571e8d23ae20651446762c34d3bbd9e25d4393399bd6a209371bb36182ef49",
                "sha256:3afd7698a49765f458f8ebf1a53017656631264d6da65ecf093f87b4812831ed",
                "sha256:433485d43ee24c3de305044d9817557a1538888b65c82c5b1b9549532d7769ae",
                "sha256:4b0b15af7999203365111d8ab4ea2e78c7c910f1e30254d73a82c6ae5e21b07d",
                "sha256:4d43400c33e39dfefff5aa53552ebee36e05a6796d31b4479060728b451cebcc",
                "sha256:4e4f3e52b45e2031e9a1e084e5d3c18343792faf2ea87b8e3e4bd5670a4a2fe8",
                "sha256:4f526c601c68956a84e3c5b9f8628d36a188ddd13645e28a50a51a4c140e77c4",
                "sha256:5d2e739f3e7053a4ef7a92432837f060d3604c245f15dac2b886edb2a063da91",
                "sha256:5e182aa6f807735094edcb8e3c3039e16812667e6a077ff8424388b8f47ced08",
                "sha256:6520025f799fcb777fa5d8dd5dfe841e86480e3228b447201a33e795109108f0",
                "sha256:697ac3535b46b0fccf7539886cccfacc0b9bdc190e061154a7ec29c0ab837d1b",
                "sha256:6a2f137623ed7c02a54c40ce287f259e26dd045be9f0b2bcd6b48ec250ce2be9",
                "sha256:7263aa07342162008872da4feb70807af7afada217bdfa418fb09aaa048c4a43",
                "sha256:731457e6a112802427eb5aca24a94d4e8097832ea139f51ae7b07d5532c32eb8",
                "sha256:739c3850383886421dff9c09140c717facb8fcbb6044eb59f70e8604b094cf28",
                "sha256:7d0faeb276af5bfbb1f8ec294bf92060de2a68ea89e298acde715d499342c728",
                "sha256:81673bb751bf73695ed47973d4a50e30766395ea5a1f88de2a7af2c3335d7410",
                "sha256:84ee042726db993d55b72c71403189f90837040210f8147f33dafeda6e3c8ded",
                "sha256:8bfadbc77c193274ec89d3352eb0202e7b4a4931550ffc9d65ed6c0b5b785a0c",
                "sha256:90057f8a7ecd3020eb7af99092db41d63873e992d8330a17846a2f213dbd63dc",
                "sha256:92552d83fda49d312e1a73ce1a388db373ccc9494c5347a964a3bdd299681e0f",
                "sha256:9282ed7b146c2a47d0e5a85694578d1ca733c93645e3777a374180ab993792e4",
                "sha256:9b7b821d9918e3fe7ebfa7cea9a505a3fda0e78a98ca4ac6b1d5c0e1b12aa510",
                "sha256:a163ca6c2ffff6ee975489e92bd07c08bd8d20fc858f03b657e60a308ce0da8d",
                "sha256:a2c0f208c2fb97f8e592a2d64c6684f60ebc46341755aae467a2a4a011050384",
                "sha256:a6ab932fb950aa002bf57e277f16bce73273e5f7b38dc992523a863ea24ad34e",
                "sha256:aa74d073c54a05a0127a8da6707b0194a783ac19d79ba4a9b816348586bcb365",
                "sha256:b037247f1ba80aa2d965432e733cf7b5659bee580bad3704751c4dbe2dae8b22",
                "sha256:b21a03a9c800ea2bee0a4299b3e4de26298b8804b1f29790f866afbb703c0ce9",
                "sha256:b694d5542a5cab7aacaa9c212e22d608c01e8cb2ea0f6ac8163c53f8cac73d85",
                "sha256:b91701066731a44d673d33a490a860436932b911319a2aef3fe97b5f6151c0fb",
                "sha256:c08798912fa0c290ba5329b1ff1d57b0f3acec8acf68a7d7deab048cb29d09e9",
                "sha256:cfefbe36bd616431cbbe1813848b34398b26359c0fac185a40a4dc28847195ef",
                "sha256:d40453a0d294aaa3753ea56b313bd123c7177e3545d70bb33ff5e73dbd0023e1",
                "sha256:da59b46656c0a06e36d92a53cbf969e4ac5cd029aef28eb58de76261b8ac5beb",
                "sha256:dc6609a512656777c932722b331c078d83ead8b932cd839768374e76fc265ea4",
                "sha256:df30a667d502b03b4b6163f2c1c0340a56d395eb46f0bf9eb84f410026d7b901",
                "sha256:df515928b9c91e24eb3974a1769b2f865c96908238562488723fbbbab85d9caf",
                "sha256:e3dbd423e2162ec07a1b2d31b697ffb9614cd832d6f0a25d2c19a033208071c0",
                "sha256:ebe92f264f39da027801cccbb3cb96dc39ab5bdd9526242bf9dd62fa3dcd8ce5",
                "sha256:f54c9aed1c892acb23d3faa581bfc8efa89d85d3bc29d920929dd3d8ae90eb99"
            ],
            "index": "pypi",
            "version": "==3.32.1"
        },
        "flask": {
            "hashes": [
                "sha256:4efa1ae2d7c9865af48986de8aeb8504bf32c7f3d6fdc9353d34b21f4b127060",
                "sha256:8a4fdd8936eba2512e9c85df320a37e694c93945b33ef33c89946a340a238557"
            ],
            "version": "==1.1.2"
        },
        "flask-cors": {
            "hashes": [
                "sha256:72170423eb4612f0847318afff8c247b38bd516b7737adfc10d1c2cdbb382d16",
                "sha256:f4d97201660e6bbcff2d89d082b5b6d31abee04b1b3003ee073a6fd25ad1d69a"
            ],
            "index": "pypi",
            "version": "==3.0.8"
        },
        "flask-restplus": {
            "hashes": [
                "sha256:a15d251923a8feb09a5d805c2f4d188555910a42c64d58f7dd281b8cac095f1b",
                "sha256:a66e442d0bca08f389fc3d07b4d808fc89961285d12fb8013f7cf15516fa9f5c"
            ],
            "index": "pypi",
            "version": "==0.13.0"
        },
        "itsdangerous": {
            "hashes": [
                "sha256:321b033d07f2a4136d3ec762eac9f16a10ccd60f53c0c91af90217ace7ba1f19",
                "sha256:b12271b2047cb23eeb98c8b5622e2e5c5e9abd9784a153e9d8ef9cb4dd09d749"
            ],
            "version": "==1.1.0"
        },
        "jinja2": {
            "hashes": [
                "sha256:89aab215427ef59c34ad58735269eb58b1a5808103067f7bb9d5836c651b3bb0",
                "sha256:f0a4641d3cf955324a89c04f3d94663aa4d638abe8f733ecd3582848e1c37035"
            ],
            "version": "==2.11.2"
        },
        "jsonschema": {
            "hashes": [
                "sha256:4e5b3cf8216f577bee9ce139cbe72eca3ea4f292ec60928ff24758ce626cd163",
                "sha256:c8a85b28d377cc7737e46e2d9f2b4f44ee3c0e1deac6bf46ddefc7187d30797a"
            ],
            "version": "==3.2.0"
        },
        "kafka-python": {
            "hashes": [
                "sha256:513431184ecd08e706ca53421ff23e269fc052374084b45b49640419564dd704",
                "sha256:e59ad42dec8c7d54e3fbba0c1f8b54c44d92a3392d88242962d0c29803f2f6f8"
            ],
            "index": "pypi",
            "version": "==2.0.1"
        },
        "logging-tree": {
            "hashes": [
                "sha256:c2201ab13be5060bf6f0cf29d18516d9f1d9186c75913ffda2165a01d1c63f81",
                "sha256:ff588623bfc8012c3f55c7a85d18c51db86b26f7feefbc6df3cdf9842a23cdfd"
            ],
            "version": "==1.8.1"
        },
        "logx": {
            "hashes": [
                "sha256:a997b13909e059d9ce98e767927af469272bec9d7932516cab6d5267b4b50585",
                "sha256:d446090097ac83707d79b1df98ff977ff7172721a4b63a5d407e3d08cf171e15"
            ],
            "version": "==0.1.1579232358"
        },
        "markupsafe": {
            "hashes": [
                "sha256:00bc623926325b26bb9605ae9eae8a215691f33cae5df11ca5424f06f2d1f473",
                "sha256:09027a7803a62ca78792ad89403b1b7a73a01c8cb65909cd876f7fcebd79b161",
                "sha256:09c4b7f37d6c648cb13f9230d847adf22f8171b1ccc4d5682398e77f40309235",
                "sha256:1027c282dad077d0bae18be6794e6b6b8c91d58ed8a8d89a89d59693b9131db5",
                "sha256:13d3144e1e340870b25e7b10b98d779608c02016d5184cfb9927a9f10c689f42",
                "sha256:24982cc2533820871eba85ba648cd53d8623687ff11cbb805be4ff7b4c971aff",
                "sha256:29872e92839765e546828bb7754a68c418d927cd064fd4708fab9fe9c8bb116b",
                "sha256:43a55c2930bbc139570ac2452adf3d70cdbb3cfe5912c71cdce1c2c6bbd9c5d1",
                "sha256:46c99d2de99945ec5cb54f23c8cd5689f6d7177305ebff350a58ce5f8de1669e",
                "sha256:500d4957e52ddc3351cabf489e79c91c17f6e0899158447047588650b5e69183",
                "sha256:535f6fc4d397c1563d08b88e485c3496cf5784e927af890fb3c3aac7f933ec66",
                "sha256:596510de112c685489095da617b5bcbbac7dd6384aeebeda4df6025d0256a81b",
                "sha256:62fe6c95e3ec8a7fad637b7f3d372c15ec1caa01ab47926cfdf7a75b40e0eac1",
                "sha256:6788b695d50a51edb699cb55e35487e430fa21f1ed838122d722e0ff0ac5ba15",
                "sha256:6dd73240d2af64df90aa7c4e7481e23825ea70af4b4922f8ede5b9e35f78a3b1",
                "sha256:717ba8fe3ae9cc0006d7c451f0bb265ee07739daf76355d06366154ee68d221e",
                "sha256:79855e1c5b8da654cf486b830bd42c06e8780cea587384cf6545b7d9ac013a0b",
                "sha256:7c1699dfe0cf8ff607dbdcc1e9b9af1755371f92a68f706051cc8c37d447c905",
                "sha256:88e5fcfb52ee7b911e8bb6d6aa2fd21fbecc674eadd44118a9cc3863f938e735",
                "sha256:8defac2f2ccd6805ebf65f5eeb132adcf2ab57aa11fdf4c0dd5169a004710e7d",
                "sha256:98c7086708b163d425c67c7a91bad6e466bb99d797aa64f965e9d25c12111a5e",
                "sha256:9add70b36c5666a2ed02b43b335fe19002ee5235efd4b8a89bfcf9005bebac0d",
                "sha256:9bf40443012702a1d2070043cb6291650a0841ece432556f784f004937f0f32c",
                "sha256:ade5e387d2ad0d7ebf59146cc00c8044acbd863725f887353a10df825fc8ae21",
                "sha256:b00c1de48212e4cc9603895652c5c410df699856a2853135b3967591e4beebc2",
                "sha256:b1282f8c00509d99fef04d8ba936b156d419be841854fe901d8ae224c59f0be5",
                "sha256:b2051432115498d3562c084a49bba65d97cf251f5a331c64a12ee7e04dacc51b",
                "sha256:ba59edeaa2fc6114428f1637ffff42da1e311e29382d81b339c1817d37ec93c6",
                "sha256:c8716a48d94b06bb3b2524c2b77e055fb313aeb4ea620c8dd03a105574ba704f",
                "sha256:cd5df75523866410809ca100dc9681e301e3c27567cf498077e8551b6d20e42f",
                "sha256:cdb132fc825c38e1aeec2c8aa9338310d29d337bebbd7baa06889d09a60a1fa2",
                "sha256:e249096428b3ae81b08327a63a485ad0878de3fb939049038579ac0ef61e17e7",
                "sha256:e8313f01ba26fbbe36c7be1966a7b7424942f670f38e666995b88d012765b9be"
            ],
            "version": "==1.1.1"
        },
        "pgnotify": {
            "hashes": [
                "sha256:509dfe42fde26c6eab066698adc679cf026bf6d1a2feea0ed58d77f6c376ce99",
                "sha256:b9632f3b515f68ec872f1491abc7416391800c0c0c2d62c9b4fa49ebbc71297e"
            ],
            "index": "pypi",
            "version": "==0.1.1561372201"
        },
        "postgres": {
            "hashes": [
                "sha256:85649aed35fc109c8413ffa5d167ff003f76e978e726f65340bf949ab7cd22ab",
                "sha256:ada2608527d56058ac2f72b5b0671a4893e04207d63059279ce9196436b98637"
            ],
            "index": "pypi",
            "version": "==3.0.0"
        },
        "psycopg2-binary": {
            "hashes": [
                "sha256:008da3ab51adc70a5f1cfbbe5db3a22607ab030eb44bcecf517ad11a0c2b3cac",
                "sha256:07cf82c870ec2d2ce94d18e70c13323c89f2f2a2628cbf1feee700630be2519a",
                "sha256:08507efbe532029adee21b8d4c999170a83760d38249936038bd0602327029b5",
                "sha256:107d9be3b614e52a192719c6bf32e8813030020ea1d1215daa86ded9a24d8b04",
                "sha256:17a0ea0b0eabf07035e5e0d520dabc7950aeb15a17c6d36128ba99b2721b25b1",
                "sha256:3286541b9d85a340ee4ed42732d15fc1bb441dc500c97243a768154ab8505bb5",
                "sha256:3939cf75fc89c5e9ed836e228c4a63604dff95ad19aed2bbf71d5d04c15ed5ce",
                "sha256:40abc319f7f26c042a11658bf3dd3b0b3bceccf883ec1c565d5c909a90204434",
                "sha256:51f7823f1b087d2020d8e8c9e6687473d3d239ba9afc162d9b2ab6e80b53f9f9",
                "sha256:6bb2dd006a46a4a4ce95201f836194eb6a1e863f69ee5bab506673e0ca767057",
                "sha256:702f09d8f77dc4794651f650828791af82f7c2efd8c91ae79e3d9fe4bb7d4c98",
                "sha256:7036ccf715925251fac969f4da9ad37e4b7e211b1e920860148a10c0de963522",
                "sha256:7b832d76cc65c092abd9505cc670c4e3421fd136fb6ea5b94efbe4c146572505",
                "sha256:8f74e631b67482d504d7e9cf364071fc5d54c28e79a093ff402d5f8f81e23bfa",
                "sha256:930315ac53dc65cbf52ab6b6d27422611f5fb461d763c531db229c7e1af6c0b3",
                "sha256:96d3038f5bd061401996614f65d27a4ecb62d843eb4f48e212e6d129171a721f",
                "sha256:a20299ee0ea2f9cca494396ac472d6e636745652a64a418b39522c120fd0a0a4",
                "sha256:a34826d6465c2e2bbe9d0605f944f19d2480589f89863ed5f091943be27c9de4",
                "sha256:a69970ee896e21db4c57e398646af9edc71c003bc52a3cc77fb150240fefd266",
                "sha256:b9a8b391c2b0321e0cd7ec6b4cfcc3dd6349347bd1207d48bcb752aa6c553a66",
                "sha256:ba13346ff6d3eb2dca0b6fa0d8a9d999eff3dcd9b55f3a890f12b0b6362b2b38",
                "sha256:bb0608694a91db1e230b4a314e8ed00ad07ed0c518f9a69b83af2717e31291a3",
                "sha256:c8830b7d5f16fd79d39b21e3d94f247219036b29b30c8270314c46bf8b732389",
                "sha256:cac918cd7c4c498a60f5d2a61d4f0a6091c2c9490d81bc805c963444032d0dab",
                "sha256:cc30cb900f42c8a246e2cb76539d9726f407330bc244ca7729c41a44e8d807fb",
                "sha256:ccdc6a87f32b491129ada4b87a43b1895cf2c20fdb7f98ad979647506ffc41b6",
                "sha256:d1a8b01f6a964fec702d6b6dac1f91f2b9f9fe41b310cbb16c7ef1fac82df06d",
                "sha256:e004db88e5a75e5fdab1620fb9f90c9598c2a195a594225ac4ed2a6f1c23e162",
                "sha256:eb2f43ae3037f1ef5e19339c41cf56947021ac892f668765cd65f8ab9814192e",
                "sha256:fa466306fcf6b39b8a61d003123d442b23707d635a5cb05ac4e1b62cc79105cd"
            ],
            "version": "==2.8.5"
        },
        "psycopg2-pool": {
            "hashes": [
                "sha256:529c4100db56a3522cf680ce8d89e71511e37c7e0b1f120ce0dde0f13c6e5844",
                "sha256:de88615c24ddfc7ee314c566976cfed4bbb009211255f2773ea09e5f938ff400"
            ],
            "version": "==1.1"
        },
        "pyrsistent": {
            "hashes": [
                "sha256:28669905fe725965daa16184933676547c5bb40a5153055a8dee2a4bd7933ad3"
            ],
            "version": "==0.16.0"
        },
        "pytz": {
            "hashes": [
                "sha256:a494d53b6d39c3c6e44c3bec237336e14305e4f29bbf800b599253057fbb79ed",
                "sha256:c35965d010ce31b23eeb663ed3cc8c906275d6be1a34393a1d73a41febf4a048"
            ],
            "version": "==2020.1"
        },
        "pyyaml": {
            "hashes": [
                "sha256:06a0d7ba600ce0b2d2fe2e78453a470b5a6e000a985dd4a4e54e436cc36b0e97",
                "sha256:240097ff019d7c70a4922b6869d8a86407758333f02203e0fc6ff79c5dcede76",
                "sha256:4f4b913ca1a7319b33cfb1369e91e50354d6f07a135f3b901aca02aa95940bd2",
                "sha256:69f00dca373f240f842b2931fb2c7e14ddbacd1397d57157a9b005a6a9942648",
                "sha256:73f099454b799e05e5ab51423c7bcf361c58d3206fa7b0d555426b1f4d9a3eaf",
                "sha256:74809a57b329d6cc0fdccee6318f44b9b8649961fa73144a98735b0aaf029f1f",
                "sha256:7739fc0fa8205b3ee8808aea45e968bc90082c10aef6ea95e855e10abf4a37b2",
                "sha256:95f71d2af0ff4227885f7a6605c37fd53d3a106fcab511b8860ecca9fcf400ee",
                "sha256:b8eac752c5e14d3eca0e6dd9199cd627518cb5ec06add0de9d32baeee6fe645d",
                "sha256:cc8955cfbfc7a115fa81d85284ee61147059a753344bc51098f3ccd69b0d7e0c",
                "sha256:d13155f591e6fcc1ec3b30685d50bf0711574e2c0dfffd7644babf8b5102ca1a"
            ],
            "version": "==5.3.1"
        },
        "six": {
            "hashes": [
                "sha256:30639c035cdb23534cd4aa2dd52c3bf48f06e5f4a941509c8bafd8ce11080259",
                "sha256:8b74bedcbbbaca38ff6d7491d76f2b06b3592611af620f8426e82dddb04a5ced"
            ],
            "version": "==1.15.0"
        },
        "werkzeug": {
            "hashes": [
                "sha256:1e0dedc2acb1f46827daa2e399c1485c8fa17c0d8e70b6b875b4e7f54bf408d2",
                "sha256:b353856d37dec59d6511359f97f6a4b2468442e454bd1c98298ddce53cac1f04"
            ],
            "index": "pypi",
            "version": "==0.16.1"
        }
    },
    "develop": {}
}
